// !$*UTF8*$!
{
	archiveVersion = 1;
	classes = {
	};
	objectVersion = 50;
	objects = {

/* Begin PBXBuildFile section */
		94869CC725B6669600EDB5AF /* libcurl.a in Frameworks */ = {isa = PBXBuildFile; fileRef = 94869CC625B6669600EDB5AF /* libcurl.a */; };
		94869CC925B6737100EDB5AF /* libcurl.4.dylib in Frameworks */ = {isa = PBXBuildFile; fileRef = 94869CC825B6737100EDB5AF /* libcurl.4.dylib */; };
		94869CCC25B673C400EDB5AF /* libcurl.4.dylib in Embed Frameworks */ = {isa = PBXBuildFile; fileRef = 94869CCB25B673C400EDB5AF /* libcurl.4.dylib */; settings = {ATTRIBUTES = (CodeSignOnCopy, ); }; };
		94B8973325B718DD004057FC /* DisneyPlus.png in Resources */ = {isa = PBXBuildFile; fileRef = 94B8973225B718DD004057FC /* DisneyPlus.png */; };
		94DBF18E25B624370042EC4D /* ResourcePath.mm in Sources */ = {isa = PBXBuildFile; fileRef = 94DBF18D25B624370042EC4D /* ResourcePath.mm */; };
		94DBF19125B624370042EC4D /* main.cpp in Sources */ = {isa = PBXBuildFile; fileRef = 94DBF19025B624370042EC4D /* main.cpp */; };
		94DBF19825B624370042EC4D /* sansation.ttf in Resources */ = {isa = PBXBuildFile; fileRef = 94DBF19725B624370042EC4D /* sansation.ttf */; };
		94DBF1D725B62AB90042EC4D /* DisneyMagic-Info.plist in Resources */ = {isa = PBXBuildFile; fileRef = 94DBF1D625B62AB80042EC4D /* DisneyMagic-Info.plist */; };
		94DBF1E625B631FD0042EC4D /* freetype.framework in Embed Frameworks */ = {isa = PBXBuildFile; fileRef = 94DBF1D825B631FC0042EC4D /* freetype.framework */; settings = {ATTRIBUTES = (RemoveHeadersOnCopy, ); }; };
		94DBF1E825B631FD0042EC4D /* sfml-graphics.framework in Embed Frameworks */ = {isa = PBXBuildFile; fileRef = 94DBF1D925B631FC0042EC4D /* sfml-graphics.framework */; settings = {ATTRIBUTES = (RemoveHeadersOnCopy, ); }; };
		94DBF1EA25B631FD0042EC4D /* vorbisfile.framework in Embed Frameworks */ = {isa = PBXBuildFile; fileRef = 94DBF1DA25B631FD0042EC4D /* vorbisfile.framework */; settings = {ATTRIBUTES = (RemoveHeadersOnCopy, ); }; };
		94DBF1EC25B631FD0042EC4D /* OpenAL.framework in Embed Frameworks */ = {isa = PBXBuildFile; fileRef = 94DBF1DB25B631FD0042EC4D /* OpenAL.framework */; settings = {ATTRIBUTES = (RemoveHeadersOnCopy, ); }; };
		94DBF1EE25B631FD0042EC4D /* vorbis.framework in Embed Frameworks */ = {isa = PBXBuildFile; fileRef = 94DBF1DC25B631FD0042EC4D /* vorbis.framework */; settings = {ATTRIBUTES = (RemoveHeadersOnCopy, ); }; };
		94DBF1F025B631FD0042EC4D /* sfml-system.framework in Embed Frameworks */ = {isa = PBXBuildFile; fileRef = 94DBF1DD25B631FD0042EC4D /* sfml-system.framework */; settings = {ATTRIBUTES = (RemoveHeadersOnCopy, ); }; };
		94DBF1F225B631FD0042EC4D /* sfml-network.framework in Embed Frameworks */ = {isa = PBXBuildFile; fileRef = 94DBF1DE25B631FD0042EC4D /* sfml-network.framework */; settings = {ATTRIBUTES = (RemoveHeadersOnCopy, ); }; };
		94DBF1F425B631FD0042EC4D /* sfml-window.framework in Embed Frameworks */ = {isa = PBXBuildFile; fileRef = 94DBF1DF25B631FD0042EC4D /* sfml-window.framework */; settings = {ATTRIBUTES = (RemoveHeadersOnCopy, ); }; };
		94DBF1F625B631FD0042EC4D /* FLAC.framework in Embed Frameworks */ = {isa = PBXBuildFile; fileRef = 94DBF1E025B631FD0042EC4D /* FLAC.framework */; settings = {ATTRIBUTES = (RemoveHeadersOnCopy, ); }; };
		94DBF1F825B631FD0042EC4D /* sfml-audio.framework in Embed Frameworks */ = {isa = PBXBuildFile; fileRef = 94DBF1E125B631FD0042EC4D /* sfml-audio.framework */; settings = {ATTRIBUTES = (RemoveHeadersOnCopy, ); }; };
		94DBF1FA25B631FD0042EC4D /* ogg.framework in Embed Frameworks */ = {isa = PBXBuildFile; fileRef = 94DBF1E225B631FD0042EC4D /* ogg.framework */; settings = {ATTRIBUTES = (RemoveHeadersOnCopy, ); }; };
		94DBF1FC25B631FD0042EC4D /* vorbisenc.framework in Embed Frameworks */ = {isa = PBXBuildFile; fileRef = 94DBF1E325B631FD0042EC4D /* vorbisenc.framework */; settings = {ATTRIBUTES = (RemoveHeadersOnCopy, ); }; };
		94DBF1FE25B631FD0042EC4D /* SFML.framework in Embed Frameworks */ = {isa = PBXBuildFile; fileRef = 94DBF1E425B631FD0042EC4D /* SFML.framework */; settings = {ATTRIBUTES = (RemoveHeadersOnCopy, ); }; };
/* End PBXBuildFile section */

/* Begin PBXCopyFilesBuildPhase section */
		94DBF1FF25B631FD0042EC4D /* Embed Frameworks */ = {
			isa = PBXCopyFilesBuildPhase;
			buildActionMask = 2147483647;
			dstPath = "";
			dstSubfolderSpec = 10;
			files = (
				94DBF1F625B631FD0042EC4D /* FLAC.framework in Embed Frameworks */,
				94DBF1F825B631FD0042EC4D /* sfml-audio.framework in Embed Frameworks */,
				94DBF1FC25B631FD0042EC4D /* vorbisenc.framework in Embed Frameworks */,
				94DBF1F425B631FD0042EC4D /* sfml-window.framework in Embed Frameworks */,
				94DBF1EA25B631FD0042EC4D /* vorbisfile.framework in Embed Frameworks */,
				94DBF1E625B631FD0042EC4D /* freetype.framework in Embed Frameworks */,
				94DBF1EE25B631FD0042EC4D /* vorbis.framework in Embed Frameworks */,
				94DBF1F025B631FD0042EC4D /* sfml-system.framework in Embed Frameworks */,
				94869CCC25B673C400EDB5AF /* libcurl.4.dylib in Embed Frameworks */,
				94DBF1FA25B631FD0042EC4D /* ogg.framework in Embed Frameworks */,
				94DBF1E825B631FD0042EC4D /* sfml-graphics.framework in Embed Frameworks */,
				94DBF1EC25B631FD0042EC4D /* OpenAL.framework in Embed Frameworks */,
				94DBF1FE25B631FD0042EC4D /* SFML.framework in Embed Frameworks */,
				94DBF1F225B631FD0042EC4D /* sfml-network.framework in Embed Frameworks */,
			);
			name = "Embed Frameworks";
			runOnlyForDeploymentPostprocessing = 0;
		};
/* End PBXCopyFilesBuildPhase section */

/* Begin PBXFileReference section */
		94869CC625B6669600EDB5AF /* libcurl.a */ = {isa = PBXFileReference; lastKnownFileType = archive.ar; name = libcurl.a; path = DisneyMagic/lib/libcurl.a; sourceTree = "<group>"; };
		94869CC825B6737100EDB5AF /* libcurl.4.dylib */ = {isa = PBXFileReference; lastKnownFileType = "compiled.mach-o.dylib"; name = libcurl.4.dylib; path = DisneyMagic/lib/libcurl.4.dylib; sourceTree = "<group>"; };
		94869CCA25B673C400EDB5AF /* libcurl.a */ = {isa = PBXFileReference; lastKnownFileType = archive.ar; name = libcurl.a; path = DisneyMagic/lib/libcurl.a; sourceTree = "<group>"; };
		94869CCB25B673C400EDB5AF /* libcurl.4.dylib */ = {isa = PBXFileReference; lastKnownFileType = "compiled.mach-o.dylib"; name = libcurl.4.dylib; path = DisneyMagic/lib/libcurl.4.dylib; sourceTree = "<group>"; };
		94B8973225B718DD004057FC /* DisneyPlus.png */ = {isa = PBXFileReference; lastKnownFileType = image.png; path = DisneyPlus.png; sourceTree = "<group>"; };
		94DBF18825B624370042EC4D /* DisneyMagic.app */ = {isa = PBXFileReference; explicitFileType = wrapper.application; includeInIndex = 0; path = DisneyMagic.app; sourceTree = BUILT_PRODUCTS_DIR; };
		94DBF18D25B624370042EC4D /* ResourcePath.mm */ = {isa = PBXFileReference; lastKnownFileType = sourcecode.cpp.objcpp; path = ResourcePath.mm; sourceTree = "<group>"; };
		94DBF18F25B624370042EC4D /* ResourcePath.hpp */ = {isa = PBXFileReference; lastKnownFileType = sourcecode.cpp.h; path = ResourcePath.hpp; sourceTree = "<group>"; };
		94DBF19025B624370042EC4D /* main.cpp */ = {isa = PBXFileReference; lastKnownFileType = sourcecode.cpp.cpp; path = main.cpp; sourceTree = "<group>"; };
		94DBF19725B624370042EC4D /* sansation.ttf */ = {isa = PBXFileReference; lastKnownFileType = file; path = sansation.ttf; sourceTree = "<group>"; };
		94DBF1A125B624CB0042EC4D /* sfml-system.framework */ = {isa = PBXFileReference; lastKnownFileType = wrapper.framework; name = "sfml-system.framework"; path = "../../../../Library/Frameworks/sfml-system.framework"; sourceTree = "<group>"; };
		94DBF1A225B624CC0042EC4D /* SFML.framework */ = {isa = PBXFileReference; lastKnownFileType = wrapper.framework; name = SFML.framework; path = ../../../../Library/Frameworks/SFML.framework; sourceTree = "<group>"; };
		94DBF1A325B624CC0042EC4D /* sfml-window.framework */ = {isa = PBXFileReference; lastKnownFileType = wrapper.framework; name = "sfml-window.framework"; path = "../../../../Library/Frameworks/sfml-window.framework"; sourceTree = "<group>"; };
		94DBF1A425B624CC0042EC4D /* sfml-graphics.framework */ = {isa = PBXFileReference; lastKnownFileType = wrapper.framework; name = "sfml-graphics.framework"; path = "../../../../Library/Frameworks/sfml-graphics.framework"; sourceTree = "<group>"; };
		94DBF1A525B624CC0042EC4D /* sfml-audio.framework */ = {isa = PBXFileReference; lastKnownFileType = wrapper.framework; name = "sfml-audio.framework"; path = "../../../../Library/Frameworks/sfml-audio.framework"; sourceTree = "<group>"; };
		94DBF1A625B624CC0042EC4D /* sfml-network.framework */ = {isa = PBXFileReference; lastKnownFileType = wrapper.framework; name = "sfml-network.framework"; path = "../../../../Library/Frameworks/sfml-network.framework"; sourceTree = "<group>"; };
		94DBF1AD25B625040042EC4D /* FLAC.framework */ = {isa = PBXFileReference; lastKnownFileType = wrapper.framework; name = FLAC.framework; path = ../../../../Library/Frameworks/FLAC.framework; sourceTree = "<group>"; };
		94DBF1AE25B625040042EC4D /* OpenAL.framework */ = {isa = PBXFileReference; lastKnownFileType = wrapper.framework; name = OpenAL.framework; path = ../../../../Library/Frameworks/OpenAL.framework; sourceTree = "<group>"; };
		94DBF1AF25B625040042EC4D /* vorbis.framework */ = {isa = PBXFileReference; lastKnownFileType = wrapper.framework; name = vorbis.framework; path = ../../../../Library/Frameworks/vorbis.framework; sourceTree = "<group>"; };
		94DBF1B025B625040042EC4D /* ogg.framework */ = {isa = PBXFileReference; lastKnownFileType = wrapper.framework; name = ogg.framework; path = ../../../../Library/Frameworks/ogg.framework; sourceTree = "<group>"; };
		94DBF1B125B625040042EC4D /* vorbisfile.framework */ = {isa = PBXFileReference; lastKnownFileType = wrapper.framework; name = vorbisfile.framework; path = ../../../../Library/Frameworks/vorbisfile.framework; sourceTree = "<group>"; };
		94DBF1B225B625040042EC4D /* vorbisenc.framework */ = {isa = PBXFileReference; lastKnownFileType = wrapper.framework; name = vorbisenc.framework; path = ../../../../Library/Frameworks/vorbisenc.framework; sourceTree = "<group>"; };
		94DBF1B325B625040042EC4D /* freetype.framework */ = {isa = PBXFileReference; lastKnownFileType = wrapper.framework; name = freetype.framework; path = ../../../../Library/Frameworks/freetype.framework; sourceTree = "<group>"; };
		94DBF1D625B62AB80042EC4D /* DisneyMagic-Info.plist */ = {isa = PBXFileReference; fileEncoding = 4; lastKnownFileType = text.plist.xml; path = "DisneyMagic-Info.plist"; sourceTree = "<group>"; };
		94DBF1D825B631FC0042EC4D /* freetype.framework */ = {isa = PBXFileReference; lastKnownFileType = wrapper.framework; name = freetype.framework; path = DisneyMagic/extlilbs/freetype.framework; sourceTree = "<group>"; };
		94DBF1D925B631FC0042EC4D /* sfml-graphics.framework */ = {isa = PBXFileReference; lastKnownFileType = wrapper.framework; name = "sfml-graphics.framework"; path = "DisneyMagic/extlilbs/sfml-graphics.framework"; sourceTree = "<group>"; };
		94DBF1DA25B631FD0042EC4D /* vorbisfile.framework */ = {isa = PBXFileReference; lastKnownFileType = wrapper.framework; name = vorbisfile.framework; path = DisneyMagic/extlilbs/vorbisfile.framework; sourceTree = "<group>"; };
		94DBF1DB25B631FD0042EC4D /* OpenAL.framework */ = {isa = PBXFileReference; lastKnownFileType = wrapper.framework; name = OpenAL.framework; path = DisneyMagic/extlilbs/OpenAL.framework; sourceTree = "<group>"; };
		94DBF1DC25B631FD0042EC4D /* vorbis.framework */ = {isa = PBXFileReference; lastKnownFileType = wrapper.framework; name = vorbis.framework; path = DisneyMagic/extlilbs/vorbis.framework; sourceTree = "<group>"; };
		94DBF1DD25B631FD0042EC4D /* sfml-system.framework */ = {isa = PBXFileReference; lastKnownFileType = wrapper.framework; name = "sfml-system.framework"; path = "DisneyMagic/extlilbs/sfml-system.framework"; sourceTree = "<group>"; };
		94DBF1DE25B631FD0042EC4D /* sfml-network.framework */ = {isa = PBXFileReference; lastKnownFileType = wrapper.framework; name = "sfml-network.framework"; path = "DisneyMagic/extlilbs/sfml-network.framework"; sourceTree = "<group>"; };
		94DBF1DF25B631FD0042EC4D /* sfml-window.framework */ = {isa = PBXFileReference; lastKnownFileType = wrapper.framework; name = "sfml-window.framework"; path = "DisneyMagic/extlilbs/sfml-window.framework"; sourceTree = "<group>"; };
		94DBF1E025B631FD0042EC4D /* FLAC.framework */ = {isa = PBXFileReference; lastKnownFileType = wrapper.framework; name = FLAC.framework; path = DisneyMagic/extlilbs/FLAC.framework; sourceTree = "<group>"; };
		94DBF1E125B631FD0042EC4D /* sfml-audio.framework */ = {isa = PBXFileReference; lastKnownFileType = wrapper.framework; name = "sfml-audio.framework"; path = "DisneyMagic/extlilbs/sfml-audio.framework"; sourceTree = "<group>"; };
		94DBF1E225B631FD0042EC4D /* ogg.framework */ = {isa = PBXFileReference; lastKnownFileType = wrapper.framework; name = ogg.framework; path = DisneyMagic/extlilbs/ogg.framework; sourceTree = "<group>"; };
		94DBF1E325B631FD0042EC4D /* vorbisenc.framework */ = {isa = PBXFileReference; lastKnownFileType = wrapper.framework; name = vorbisenc.framework; path = DisneyMagic/extlilbs/vorbisenc.framework; sourceTree = "<group>"; };
		94DBF1E425B631FD0042EC4D /* SFML.framework */ = {isa = PBXFileReference; lastKnownFileType = wrapper.framework; name = SFML.framework; path = DisneyMagic/extlilbs/SFML.framework; sourceTree = "<group>"; };
/* End PBXFileReference section */

/* Begin PBXFrameworksBuildPhase section */
		94DBF18425B624370042EC4D /* Frameworks */ = {
			isa = PBXFrameworksBuildPhase;
			buildActionMask = 2147483647;
			files = (
				94869CC925B6737100EDB5AF /* libcurl.4.dylib in Frameworks */,
				94869CC725B6669600EDB5AF /* libcurl.a in Frameworks */,
			);
			runOnlyForDeploymentPostprocessing = 0;
		};
/* End PBXFrameworksBuildPhase section */

/* Begin PBXGroup section */
		94DBF17E25B624370042EC4D = {
			isa = PBXGroup;
			children = (
				94869CCB25B673C400EDB5AF /* libcurl.4.dylib */,
				94869CCA25B673C400EDB5AF /* libcurl.a */,
				94DBF1E025B631FD0042EC4D /* FLAC.framework */,
				94DBF1D825B631FC0042EC4D /* freetype.framework */,
				94DBF1E225B631FD0042EC4D /* ogg.framework */,
				94DBF1DB25B631FD0042EC4D /* OpenAL.framework */,
				94DBF1E125B631FD0042EC4D /* sfml-audio.framework */,
				94DBF1D925B631FC0042EC4D /* sfml-graphics.framework */,
				94DBF1DE25B631FD0042EC4D /* sfml-network.framework */,
				94DBF1DD25B631FD0042EC4D /* sfml-system.framework */,
				94DBF1DF25B631FD0042EC4D /* sfml-window.framework */,
				94DBF1E425B631FD0042EC4D /* SFML.framework */,
				94DBF1DC25B631FD0042EC4D /* vorbis.framework */,
				94DBF1E325B631FD0042EC4D /* vorbisenc.framework */,
				94DBF1DA25B631FD0042EC4D /* vorbisfile.framework */,
				94DBF18A25B624370042EC4D /* DisneyMagic */,
				94DBF18925B624370042EC4D /* Products */,
				94DBF1A025B624CB0042EC4D /* Frameworks */,
			);
			sourceTree = "<group>";
		};
		94DBF18925B624370042EC4D /* Products */ = {
			isa = PBXGroup;
			children = (
				94DBF18825B624370042EC4D /* DisneyMagic.app */,
			);
			name = Products;
			sourceTree = "<group>";
		};
		94DBF18A25B624370042EC4D /* DisneyMagic */ = {
			isa = PBXGroup;
			children = (
				94DBF18D25B624370042EC4D /* ResourcePath.mm */,
				94DBF18F25B624370042EC4D /* ResourcePath.hpp */,
				94DBF19025B624370042EC4D /* main.cpp */,
				94DBF19225B624370042EC4D /* Resources */,
				94DBF18B25B624370042EC4D /* Supporting Files */,
			);
			path = DisneyMagic;
			sourceTree = "<group>";
		};
		94DBF18B25B624370042EC4D /* Supporting Files */ = {
			isa = PBXGroup;
			children = (
				94DBF1D625B62AB80042EC4D /* DisneyMagic-Info.plist */,
			);
			name = "Supporting Files";
			sourceTree = "<group>";
		};
		94DBF19225B624370042EC4D /* Resources */ = {
			isa = PBXGroup;
			children = (
				94B8973225B718DD004057FC /* DisneyPlus.png */,
				94DBF19725B624370042EC4D /* sansation.ttf */,
			);
			name = Resources;
			sourceTree = "<group>";
		};
		94DBF1A025B624CB0042EC4D /* Frameworks */ = {
			isa = PBXGroup;
			children = (
				94869CC825B6737100EDB5AF /* libcurl.4.dylib */,
				94869CC625B6669600EDB5AF /* libcurl.a */,
				94DBF1AD25B625040042EC4D /* FLAC.framework */,
				94DBF1B325B625040042EC4D /* freetype.framework */,
				94DBF1B025B625040042EC4D /* ogg.framework */,
				94DBF1AE25B625040042EC4D /* OpenAL.framework */,
				94DBF1AF25B625040042EC4D /* vorbis.framework */,
				94DBF1B225B625040042EC4D /* vorbisenc.framework */,
				94DBF1B125B625040042EC4D /* vorbisfile.framework */,
				94DBF1A525B624CC0042EC4D /* sfml-audio.framework */,
				94DBF1A425B624CC0042EC4D /* sfml-graphics.framework */,
				94DBF1A625B624CC0042EC4D /* sfml-network.framework */,
				94DBF1A125B624CB0042EC4D /* sfml-system.framework */,
				94DBF1A325B624CC0042EC4D /* sfml-window.framework */,
				94DBF1A225B624CC0042EC4D /* SFML.framework */,
			);
			name = Frameworks;
			sourceTree = "<group>";
		};
/* End PBXGroup section */

/* Begin PBXNativeTarget section */
		94DBF18725B624370042EC4D /* DisneyMagic */ = {
			isa = PBXNativeTarget;
			buildConfigurationList = 94DBF19D25B624370042EC4D /* Build configuration list for PBXNativeTarget "DisneyMagic" */;
			buildPhases = (
				94DBF18325B624370042EC4D /* Sources */,
				94DBF18425B624370042EC4D /* Frameworks */,
				94DBF18525B624370042EC4D /* Resources */,
				94DBF18625B624370042EC4D /* ShellScript */,
				94DBF1FF25B631FD0042EC4D /* Embed Frameworks */,
			);
			buildRules = (
			);
			dependencies = (
			);
			name = DisneyMagic;
			productName = "DisneyMagic-2";
			productReference = 94DBF18825B624370042EC4D /* DisneyMagic.app */;
			productType = "com.apple.product-type.application";
		};
/* End PBXNativeTarget section */

/* Begin PBXProject section */
		94DBF17F25B624370042EC4D /* Project object */ = {
			isa = PBXProject;
			attributes = {
				LastUpgradeCheck = 1010;
				ORGANIZATIONNAME = "Ryan Campbell";
				TargetAttributes = {
					94DBF18725B624370042EC4D = {
						CreatedOnToolsVersion = 10.1;
					};
				};
			};
			buildConfigurationList = 94DBF18225B624370042EC4D /* Build configuration list for PBXProject "DisneyMagic" */;
			compatibilityVersion = "Xcode 9.3";
			developmentRegion = en;
			hasScannedForEncodings = 0;
			knownRegions = (
				en,
			);
			mainGroup = 94DBF17E25B624370042EC4D;
			productRefGroup = 94DBF18925B624370042EC4D /* Products */;
			projectDirPath = "";
			projectRoot = "";
			targets = (
				94DBF18725B624370042EC4D /* DisneyMagic */,
			);
		};
/* End PBXProject section */

/* Begin PBXResourcesBuildPhase section */
		94DBF18525B624370042EC4D /* Resources */ = {
			isa = PBXResourcesBuildPhase;
			buildActionMask = 2147483647;
			files = (
				94DBF1D725B62AB90042EC4D /* DisneyMagic-Info.plist in Resources */,
				94B8973325B718DD004057FC /* DisneyPlus.png in Resources */,
				94DBF19825B624370042EC4D /* sansation.ttf in Resources */,
			);
			runOnlyForDeploymentPostprocessing = 0;
		};
/* End PBXResourcesBuildPhase section */

/* Begin PBXShellScriptBuildPhase section */
		94DBF18625B624370042EC4D /* ShellScript */ = {
			isa = PBXShellScriptBuildPhase;
			buildActionMask = 8;
			files = (
			);
			inputFileListPaths = (
			);
			inputPaths = (
			);
			outputFileListPaths = (
			);
			outputPaths = (
			);
			runOnlyForDeploymentPostprocessing = 1;
			shellPath = /bin/sh;
			shellScript = "# This shell script simply copies required SFML dylibs/frameworks into the application bundle frameworks folder.\n# If you're using static libraries (which is not recommended) you should remove this script from your project.\n\n# SETTINGS\nSFML_DEPENDENCIES_INSTALL_PREFIX=\"/Users/SFML/Desktop/packaging/tmp/install/Library/Frameworks\"\nCMAKE_INSTALL_FRAMEWORK_PREFIX=\"/Users/SFML/Desktop/packaging/tmp/install/Library/Frameworks\"\nCMAKE_INSTALL_LIB_PREFIX=\"/Users/SFML/Desktop/packaging/tmp/install/Library/Frameworks/lib\"\nFRAMEWORKS_FULL_PATH=\"$BUILT_PRODUCTS_DIR/$FRAMEWORKS_FOLDER_PATH/\"\n\n# Are we building a project that uses frameworks or dylibs?\ncase \"$SFML_BINARY_TYPE\" in\n    DYLIBS)\n        frameworks=\"false\"\n        ;;\n    *)\n        frameworks=\"true\"\n        ;;\nesac\n\n# Echoes to stderr\nerror () # $* message to display\n{\n    echo $* 1>&2\n    exit 2\n}\n\nassert () # $1 is a boolean, $2...N is an error message\n{\n    if [ $# -lt 2 ]\n    then\n        error \"Internal error in assert: not enough args\"\n    fi\n\n    if [ $1 -ne 0 ]\n    then\n        shift\n        error \"$*\"\n    fi\n}\n\nforce_remove () # $@ is some paths\n{\n    test $# -ge 1\n    assert $? \"force_remove() requires at least one parameter\"\n    rm -fr $@\n    assert $? \"couldn't remove $@\"\n}\n\ncopy () # $1 is a source, $2 is a destination\n{\n    test $# -eq 2\n    assert $? \"copy() requires two parameters\"\n    ditto \"$1\" \"$2\"\n    assert $? \"couldn't copy $1 to $2\"\n}\n\nrequire () # $1 is a SFML module like 'system' or 'audio'\n{\n    dest=\"$BUILT_PRODUCTS_DIR/$FRAMEWORKS_FOLDER_PATH/\"\n\n    if [ -z \"$1\" ]\n    then\n        error \"require() requires one parameter!\"\n    else\n        # clean potentially old stuff\n        force_remove \"$dest/libsfml-$1\"*\n        force_remove \"$dest/sfml-$1.framework\"\n\n        # copy SFML libraries\n        if [ \"$frameworks\" = \"true\" ]\n        then\n            source=\"$CMAKE_INSTALL_FRAMEWORK_PREFIX/sfml-$1.framework\"\n            target=\"sfml-$1.framework\"\n        elif [ \"$SFML_LINK_DYLIBS_SUFFIX\" = \"-d\" ]\n        then\n            source=\"$CMAKE_INSTALL_LIB_PREFIX/libsfml-$1-d.dylib\"\n            target=\"`readlink $source`\"\n        else\n            source=\"$CMAKE_INSTALL_LIB_PREFIX/libsfml-$1.dylib\"\n            target=\"`readlink $source`\"\n        fi\n\n        copy \"$source\" \"$dest/$target\"\n\n        # copy extra dependencies\n        if [ \"$1\" = \"audio\" ]\n        then\n            # copy \"FLAC\" \"ogg\" \"vorbis\" \"vorbisenc\" \"vorbisfile\" \"OpenAL\" frameworks too\n            for f in \"FLAC\" \"ogg\" \"vorbis\" \"vorbisenc\" \"vorbisfile\" \"OpenAL\"\n            do\n                copy \"$SFML_DEPENDENCIES_INSTALL_PREFIX/$f.framework\" \"$dest/$f.framework\"\n            done\n        elif [ \"$1\" = \"graphics\" ]\n        then\n            copy \"$SFML_DEPENDENCIES_INSTALL_PREFIX/freetype.framework\" \"$dest/freetype.framework\"\n        fi\n    fi\n}\n\nif [ -n \"$SFML_SYSTEM\" ]\nthen\n    require \"system\"\nfi\n\nif [ -n \"$SFML_AUDIO\" ]\nthen\n    require \"audio\"\nfi\n\nif [ -n \"$SFML_NETWORK\" ]\nthen\n    require \"network\"\nfi\n\nif [ -n \"$SFML_WINDOW\" ]\nthen\n    require \"window\"\nfi\n\nif [ -n \"$SFML_GRAPHICS\" ]\nthen\n    require \"graphics\"\nfi\n\n                \n";
		};
/* End PBXShellScriptBuildPhase section */

/* Begin PBXSourcesBuildPhase section */
		94DBF18325B624370042EC4D /* Sources */ = {
			isa = PBXSourcesBuildPhase;
			buildActionMask = 2147483647;
			files = (
				94DBF19125B624370042EC4D /* main.cpp in Sources */,
				94DBF18E25B624370042EC4D /* ResourcePath.mm in Sources */,
			);
			runOnlyForDeploymentPostprocessing = 0;
		};
/* End PBXSourcesBuildPhase section */

/* Begin XCBuildConfiguration section */
		94DBF19B25B624370042EC4D /* Debug */ = {
			isa = XCBuildConfiguration;
			buildSettings = {
				ARCHS = "$(NATIVE_ARCH_ACTUAL)";
				CLANG_CXX_LANGUAGE_STANDARD = "c++11";
				CLANG_CXX_LIBRARY = "libc++";
				FRAMEWORK_SEARCH_PATHS = (
					/Library/Frameworks/,
					"$(inherited)",
				);
				GCC_VERSION = com.apple.compilers.llvm.clang.1_0;
				HEADER_SEARCH_PATHS = (
					/usr/local/include/,
					"$(inherited)",
				);
				LIBRARY_SEARCH_PATHS = (
					/usr/local/lib/,
					"$(inherited)",
				);
				MACOSX_DEPLOYMENT_TARGET = 10.7;
				OTHER_LDFLAGS = (
					"$(inherited)",
					"$(SFML_SYSTEM)",
					"$(SFML_WINDOW)",
					"$(SFML_GRAPHICS)",
					"$(SFML_AUDIO)",
					"$(SFML_NETWORK)",
				);
				SFML_AUDIO = "$(SFML_LINK_PREFIX) sfml-audio$(SFML_LINK_SUFFIX)";
				SFML_BINARY_TYPE = FRAMEWORKS;
				SFML_GRAPHICS = "$(SFML_LINK_PREFIX) sfml-graphics$(SFML_LINK_SUFFIX)";
				SFML_LINK_DYLIBS_PREFIX = "-l";
				SFML_LINK_DYLIBS_SUFFIX = "";
				SFML_LINK_FRAMEWORKS_PREFIX = "-framework";
				SFML_LINK_FRAMEWORKS_SUFFIX = "";
				SFML_LINK_PREFIX = "$(SFML_LINK_$(SFML_BINARY_TYPE)_PREFIX)";
				SFML_LINK_SUFFIX = "$(SFML_LINK_$(SFML_BINARY_TYPE)_SUFFIX)";
				SFML_NETWORK = "$(SFML_LINK_PREFIX) sfml-network$(SFML_LINK_SUFFIX)";
				SFML_SYSTEM = "$(SFML_LINK_PREFIX) sfml-system$(SFML_LINK_SUFFIX)";
				SFML_WINDOW = "$(SFML_LINK_PREFIX) sfml-window$(SFML_LINK_SUFFIX)";
				SUPPORTED_PLATFORMS = macosx;
			};
			name = Debug;
		};
		94DBF19C25B624370042EC4D /* Release */ = {
			isa = XCBuildConfiguration;
			buildSettings = {
				ARCHS = "$(NATIVE_ARCH_ACTUAL)";
				CLANG_CXX_LANGUAGE_STANDARD = "c++11";
				CLANG_CXX_LIBRARY = "libc++";
				FRAMEWORK_SEARCH_PATHS = (
					/Library/Frameworks/,
					"$(inherited)",
				);
				GCC_VERSION = com.apple.compilers.llvm.clang.1_0;
				HEADER_SEARCH_PATHS = (
					/usr/local/include/,
					"$(inherited)",
				);
				LIBRARY_SEARCH_PATHS = (
					/usr/local/lib/,
					"$(inherited)",
				);
				MACOSX_DEPLOYMENT_TARGET = 10.7;
				OTHER_LDFLAGS = (
					"$(inherited)",
					"$(SFML_SYSTEM)",
					"$(SFML_WINDOW)",
					"$(SFML_GRAPHICS)",
					"$(SFML_AUDIO)",
					"$(SFML_NETWORK)",
				);
				SFML_AUDIO = "$(SFML_LINK_PREFIX) sfml-audio$(SFML_LINK_SUFFIX)";
				SFML_BINARY_TYPE = FRAMEWORKS;
				SFML_GRAPHICS = "$(SFML_LINK_PREFIX) sfml-graphics$(SFML_LINK_SUFFIX)";
				SFML_LINK_DYLIBS_PREFIX = "-l";
				SFML_LINK_DYLIBS_SUFFIX = "";
				SFML_LINK_FRAMEWORKS_PREFIX = "-framework";
				SFML_LINK_FRAMEWORKS_SUFFIX = "";
				SFML_LINK_PREFIX = "$(SFML_LINK_$(SFML_BINARY_TYPE)_PREFIX)";
				SFML_LINK_SUFFIX = "$(SFML_LINK_$(SFML_BINARY_TYPE)_SUFFIX)";
				SFML_NETWORK = "$(SFML_LINK_PREFIX) sfml-network$(SFML_LINK_SUFFIX)";
				SFML_SYSTEM = "$(SFML_LINK_PREFIX) sfml-system$(SFML_LINK_SUFFIX)";
				SFML_WINDOW = "$(SFML_LINK_PREFIX) sfml-window$(SFML_LINK_SUFFIX)";
				SUPPORTED_PLATFORMS = macosx;
			};
			name = Release;
		};
		94DBF19E25B624370042EC4D /* Debug */ = {
			isa = XCBuildConfiguration;
			buildSettings = {
				CODE_SIGN_STYLE = Automatic;
				DEVELOPMENT_TEAM = 37MYE227MV;
				FRAMEWORK_SEARCH_PATHS = (
					"$(inherited)",
					"$(LOCAL_LIBRARY_DIR)/Frameworks",
					"$(PROJECT_DIR)/DisneyMagic/extlilbs",
				);
				HEADER_SEARCH_PATHS = (
					/usr/local/include/,
					"$(inherited)",
					"$(PROJECT_DIR)/DisneyMagic/include",
				);
				INFOPLIST_FILE = "$(SRCROOT)/DisneyMagic/DisneyMagic-Info.plist";
				LD_RUNPATH_SEARCH_PATHS = (
					"@loader_path/../Frameworks",
					"@executable_path/../Frameworks",
				);
				LIBRARY_SEARCH_PATHS = (
					/usr/local/lib/,
					"$(inherited)",
					"$(PROJECT_DIR)/DisneyMagic/lib",
				);
				MACOSX_DEPLOYMENT_TARGET = 10.7;
				PRODUCT_BUNDLE_IDENTIFIER = RCEnterprises.DisneyMagic;
				PRODUCT_NAME = "$(TARGET_NAME)";
			};
			name = Debug;
		};
		94DBF19F25B624370042EC4D /* Release */ = {
			isa = XCBuildConfiguration;
			buildSettings = {
				CODE_SIGN_STYLE = Automatic;
				DEVELOPMENT_TEAM = 37MYE227MV;
				FRAMEWORK_SEARCH_PATHS = (
					"$(inherited)",
					"$(LOCAL_LIBRARY_DIR)/Frameworks",
					"$(PROJECT_DIR)/DisneyMagic/extlilbs",
				);
				HEADER_SEARCH_PATHS = (
					/usr/local/include/,
					"$(inherited)",
					"$(PROJECT_DIR)/DisneyMagic/include",
				);
				INFOPLIST_FILE = "$(SRCROOT)/DisneyMagic/DisneyMagic-Info.plist";
				LD_RUNPATH_SEARCH_PATHS = (
					"@loader_path/../Frameworks",
					"@executable_path/../Frameworks",
				);
				LIBRARY_SEARCH_PATHS = (
					/usr/local/lib/,
					"$(inherited)",
					"$(PROJECT_DIR)/DisneyMagic/lib",
				);
				MACOSX_DEPLOYMENT_TARGET = 10.7;
				PRODUCT_BUNDLE_IDENTIFIER = RCEnterprises.DisneyMagic;
				PRODUCT_NAME = "$(TARGET_NAME)";
			};
			name = Release;
		};
/* End XCBuildConfiguration section */

/* Begin XCConfigurationList section */
		94DBF18225B624370042EC4D /* Build configuration list for PBXProject "DisneyMagic" */ = {
			isa = XCConfigurationList;
			buildConfigurations = (
				94DBF19B25B624370042EC4D /* Debug */,
				94DBF19C25B624370042EC4D /* Release */,
			);
			defaultConfigurationIsVisible = 0;
			defaultConfigurationName = Debug;
		};
		94DBF19D25B624370042EC4D /* Build configuration list for PBXNativeTarget "DisneyMagic" */ = {
			isa = XCConfigurationList;
			buildConfigurations = (
				94DBF19E25B624370042EC4D /* Debug */,
				94DBF19F25B624370042EC4D /* Release */,
			);
			defaultConfigurationIsVisible = 0;
			defaultConfigurationName = Debug;
		};
/* End XCConfigurationList section */
	};
	rootObject = 94DBF17F25B624370042EC4D /* Project object */;
}
